
Microsoft Visual Studio Solution File, Format Version 12.00
# Visual Studio 15
VisualStudioVersion = 15.0.28010.2041
MinimumVisualStudioVersion = 10.0.40219.1
Project("{FAE04EC0-301F-11D3-BF4B-00C04F79EFBC}") = "Exercize30", "Exercize30\Exercize30.csproj", "{8FEDF840-E8D9-41D6-B1A9-E5804110AEC9}"
EndProject
Global
	GlobalSection(SolutionConfigurationPlatforms) = preSolution
		Debug|Any CPU = Debug|Any CPU
		Release|Any CPU = Release|Any CPU
	EndGlobalSection
	GlobalSection(ProjectConfigurationPlatforms) = postSolution
		{8FEDF840-E8D9-41D6-B1A9-E5804110AEC9}.Debug|Any CPU.ActiveCfg = Debug|Any CPU
		{8FEDF840-E8D9-41D6-B1A9-E5804110AEC9}.Debug|Any CPU.Build.0 = Debug|Any CPU
		{8FEDF840-E8D9-41D6-B1A9-E5804110AEC9}.Release|Any CPU.ActiveCfg = Release|Any CPU
		{8FEDF840-E8D9-41D6-B1A9-E5804110AEC9}.Release|Any CPU.Build.0 = Release|Any CPU
	EndGlobalSection
	GlobalSection(SolutionProperties) = preSolution
		HideSolutionNode = FALSE
	EndGlobalSection
	GlobalSection(ExtensibilityGlobals) = postSolution
		SolutionGuid = {DD64AD67-8D2B-4717-931E-6A8EF72ADBB1}
	EndGlobalSection
EndGlobal
