
Microsoft Visual Studio Solution File, Format Version 12.00
# Visual Studio 15
VisualStudioVersion = 15.0.28010.2036
MinimumVisualStudioVersion = 10.0.40219.1
Project("{FAE04EC0-301F-11D3-BF4B-00C04F79EFBC}") = "Age and Weight", "Age and Weight\Age and Weight.csproj", "{6A564BFC-FC19-457B-9B6C-E6D8F06C6C7D}"
EndProject
Global
	GlobalSection(SolutionConfigurationPlatforms) = preSolution
		Debug|Any CPU = Debug|Any CPU
		Release|Any CPU = Release|Any CPU
	EndGlobalSection
	GlobalSection(ProjectConfigurationPlatforms) = postSolution
		{6A564BFC-FC19-457B-9B6C-E6D8F06C6C7D}.Debug|Any CPU.ActiveCfg = Debug|Any CPU
		{6A564BFC-FC19-457B-9B6C-E6D8F06C6C7D}.Debug|Any CPU.Build.0 = Debug|Any CPU
		{6A564BFC-FC19-457B-9B6C-E6D8F06C6C7D}.Release|Any CPU.ActiveCfg = Release|Any CPU
		{6A564BFC-FC19-457B-9B6C-E6D8F06C6C7D}.Release|Any CPU.Build.0 = Release|Any CPU
	EndGlobalSection
	GlobalSection(SolutionProperties) = preSolution
		HideSolutionNode = FALSE
	EndGlobalSection
	GlobalSection(ExtensibilityGlobals) = postSolution
		SolutionGuid = {FF4CD0BD-0F71-442C-80C8-B084BED49833}
	EndGlobalSection
EndGlobal
